Microsoft Visual Studio Solution File, Format Version 12.00
# Visual Studio Version 17
VisualStudioVersion = 17.13.35931.197
MinimumVisualStudioVersion = 10.0.40219.1
Project("{FAE04EC0-301F-11D3-BF4B-00C04F79EFBC}") = "DocumentProcessor", "DocumentProcessor.csproj", "{12C6513B-57A7-411D-9D68-30D7396D871E}"
EndProject
Global
	GlobalSection(SolutionConfigurationPlatforms) = preSolution
		Debug|Any CPU = Debug|Any CPU
		Release|Any CPU = Release|Any CPU
	EndGlobalSection
	GlobalSection(ProjectConfigurationPlatforms) = postSolution
		{12C6513B-57A7-411D-9D68-30D7396D871E}.Debug|Any CPU.ActiveCfg = Debug|Any CPU
		{12C6513B-57A7-411D-9D68-30D7396D871E}.Debug|Any CPU.Build.0 = Debug|Any CPU
		{12C6513B-57A7-411D-9D68-30D7396D871E}.Release|Any CPU.ActiveCfg = Release|Any CPU
		{12C6513B-57A7-411D-9D68-30D7396D871E}.Release|Any CPU.Build.0 = Release|Any CPU
	EndGlobalSection
	GlobalSection(SolutionProperties) = preSolution
		HideSolutionNode = FALSE
	EndGlobalSection
	GlobalSection(ExtensibilityGlobals) = postSolution
		SolutionGuid = {87B74A96-67A7-4654-B5AD-BAF24DCE2B38}
	EndGlobalSection
EndGlobal
